
Microsoft Visual Studio Solution File, Format Version 12.00
# Visual Studio Version 17
VisualStudioVersion = 17.1.32421.90
MinimumVisualStudioVersion = 10.0.40219.1
Project("{FAE04EC0-301F-11D3-BF4B-00C04F79EFBC}") = "YoutubeDownloader", "YoutubeDownloader\YoutubeDownloader.csproj", "{3194C35E-4F95-4D54-AF32-7362A32ED037}"
EndProject
Global
	GlobalSection(SolutionConfigurationPlatforms) = preSolution
		Debug|Any CPU = Debug|Any CPU
		Release|Any CPU = Release|Any CPU
	EndGlobalSection
	GlobalSection(ProjectConfigurationPlatforms) = postSolution
		{3194C35E-4F95-4D54-AF32-7362A32ED037}.Debug|Any CPU.ActiveCfg = Debug|Any CPU
		{3194C35E-4F95-4D54-AF32-7362A32ED037}.Debug|Any CPU.Build.0 = Debug|Any CPU
		{3194C35E-4F95-4D54-AF32-7362A32ED037}.Release|Any CPU.ActiveCfg = Release|Any CPU
		{3194C35E-4F95-4D54-AF32-7362A32ED037}.Release|Any CPU.Build.0 = Release|Any CPU
	EndGlobalSection
	GlobalSection(SolutionProperties) = preSolution
		HideSolutionNode = FALSE
	EndGlobalSection
	GlobalSection(ExtensibilityGlobals) = postSolution
		SolutionGuid = {9C28D86D-2F2D-4324-B1FC-B69785AD39B2}
	EndGlobalSection
EndGlobal
